
Microsoft Visual Studio Solution File, Format Version 12.00
# Visual Studio Version 16
VisualStudioVersion = 16.0.29326.143
MinimumVisualStudioVersion = 10.0.40219.1
Project("{FAE04EC0-301F-11D3-BF4B-00C04F79EFBC}") = "Voice bOT", "Voice bOT\Voice bOT.csproj", "{808AB257-6B87-4F94-84FE-0FAA896BCC82}"
EndProject
Global
	GlobalSection(SolutionConfigurationPlatforms) = preSolution
		Debug|Any CPU = Debug|Any CPU
		Release|Any CPU = Release|Any CPU
	EndGlobalSection
	GlobalSection(ProjectConfigurationPlatforms) = postSolution
		{808AB257-6B87-4F94-84FE-0FAA896BCC82}.Debug|Any CPU.ActiveCfg = Debug|Any CPU
		{808AB257-6B87-4F94-84FE-0FAA896BCC82}.Debug|Any CPU.Build.0 = Debug|Any CPU
		{808AB257-6B87-4F94-84FE-0FAA896BCC82}.Release|Any CPU.ActiveCfg = Release|Any CPU
		{808AB257-6B87-4F94-84FE-0FAA896BCC82}.Release|Any CPU.Build.0 = Release|Any CPU
	EndGlobalSection
	GlobalSection(SolutionProperties) = preSolution
		HideSolutionNode = FALSE
	EndGlobalSection
	GlobalSection(ExtensibilityGlobals) = postSolution
		SolutionGuid = {70082702-1974-4A6B-89B5-9C8C905E0AC7}
	EndGlobalSection
EndGlobal
